
Microsoft Visual Studio Solution File, Format Version 12.00
# Visual Studio 15
VisualStudioVersion = 15.0.27130.2003
MinimumVisualStudioVersion = 10.0.40219.1
Project("{FAE04EC0-301F-11D3-BF4B-00C04F79EFBC}") = "ProjektMovie", "ProjektMovie\ProjektMovie.csproj", "{E569C6EC-D356-45FF-8EA6-4F8A391FE647}"
EndProject
Project("{FAE04EC0-301F-11D3-BF4B-00C04F79EFBC}") = "ProjektMovieTest", "ProjektMovieTest\ProjektMovieTest.csproj", "{1A29F067-6F72-4319-956A-3473FDEF3876}"
EndProject
Global
	GlobalSection(SolutionConfigurationPlatforms) = preSolution
		Debug|Any CPU = Debug|Any CPU
		Release|Any CPU = Release|Any CPU
	EndGlobalSection
	GlobalSection(ProjectConfigurationPlatforms) = postSolution
		{E569C6EC-D356-45FF-8EA6-4F8A391FE647}.Debug|Any CPU.ActiveCfg = Debug|Any CPU
		{E569C6EC-D356-45FF-8EA6-4F8A391FE647}.Debug|Any CPU.Build.0 = Debug|Any CPU
		{E569C6EC-D356-45FF-8EA6-4F8A391FE647}.Release|Any CPU.ActiveCfg = Release|Any CPU
		{E569C6EC-D356-45FF-8EA6-4F8A391FE647}.Release|Any CPU.Build.0 = Release|Any CPU
		{1A29F067-6F72-4319-956A-3473FDEF3876}.Debug|Any CPU.ActiveCfg = Debug|Any CPU
		{1A29F067-6F72-4319-956A-3473FDEF3876}.Debug|Any CPU.Build.0 = Debug|Any CPU
		{1A29F067-6F72-4319-956A-3473FDEF3876}.Release|Any CPU.ActiveCfg = Release|Any CPU
		{1A29F067-6F72-4319-956A-3473FDEF3876}.Release|Any CPU.Build.0 = Release|Any CPU
	EndGlobalSection
	GlobalSection(SolutionProperties) = preSolution
		HideSolutionNode = FALSE
	EndGlobalSection
	GlobalSection(ExtensibilityGlobals) = postSolution
		SolutionGuid = {D40D48A7-DCE2-4CF3-9E48-C6AEC2902B9D}
	EndGlobalSection
EndGlobal
